
Microsoft Visual Studio Solution File, Format Version 12.00
# Visual Studio Version 17
VisualStudioVersion = 17.9.34607.119
MinimumVisualStudioVersion = 10.0.40219.1
Project("{FAE04EC0-301F-11D3-BF4B-00C04F79EFBC}") = "EntityFremwork_firs", "EntityFremwork_firs\EntityFremwork_firs.csproj", "{2EFEF519-7278-4D34-8036-FB90553F4C3C}"
EndProject
Global
	GlobalSection(SolutionConfigurationPlatforms) = preSolution
		Debug|Any CPU = Debug|Any CPU
		Release|Any CPU = Release|Any CPU
	EndGlobalSection
	GlobalSection(ProjectConfigurationPlatforms) = postSolution
		{2EFEF519-7278-4D34-8036-FB90553F4C3C}.Debug|Any CPU.ActiveCfg = Debug|Any CPU
		{2EFEF519-7278-4D34-8036-FB90553F4C3C}.Debug|Any CPU.Build.0 = Debug|Any CPU
		{2EFEF519-7278-4D34-8036-FB90553F4C3C}.Release|Any CPU.ActiveCfg = Release|Any CPU
		{2EFEF519-7278-4D34-8036-FB90553F4C3C}.Release|Any CPU.Build.0 = Release|Any CPU
	EndGlobalSection
	GlobalSection(SolutionProperties) = preSolution
		HideSolutionNode = FALSE
	EndGlobalSection
	GlobalSection(ExtensibilityGlobals) = postSolution
		SolutionGuid = {BC0FC36C-0000-4DA8-8CDF-3970944558E6}
	EndGlobalSection
EndGlobal
